{
  "requires": true,
  "lockfileVersion": 1,
  "dependencies": {
    "balanced-match": {
      "version": "1.0.0",
      "resolved": "http://registry.npm.taobao.org/balanced-match/download/balanced-match-1.0.0.tgz"
    },
    "brace-expansion": {
      "version": "1.1.8",
      "resolved": "http://registry.npm.taobao.org/brace-expansion/download/brace-expansion-1.1.8.tgz",
      "requires": {
        "balanced-match": "1.0.0",
        "concat-map": "0.0.1"
      },
      "dependencies": {
        "balanced-match": {
          "version": "1.0.0",
          "resolved": "http://registry.npm.taobao.org/balanced-match/download/balanced-match-1.0.0.tgz"
        },
        "concat-map": {
          "version": "0.0.1",
          "resolved": "http://registry.npm.taobao.org/concat-map/download/concat-map-0.0.1.tgz"
        }
      }
    },
    "concat-map": {
      "version": "0.0.1",
      "resolved": "http://registry.npm.taobao.org/concat-map/download/concat-map-0.0.1.tgz"
    },
    "exit": {
      "version": "0.1.2",
      "resolved": "http://registry.npm.taobao.org/exit/download/exit-0.1.2.tgz"
    },
    "fs.realpath": {
      "version": "1.0.0",
      "resolved": "http://registry.npm.taobao.org/fs.realpath/download/fs.realpath-1.0.0.tgz"
    },
    "glob": {
      "version": "7.1.2",
      "resolved": "http://registry.npm.taobao.org/glob/download/glob-7.1.2.tgz",
      "requires": {
        "fs.realpath": "1.0.0",
        "inflight": "1.0.6",
        "inherits": "2.0.3",
        "minimatch": "3.0.4",
        "once": "1.4.0",
        "path-is-absolute": "1.0.1"
      },
      "dependencies": {
        "fs.realpath": {
          "version": "1.0.0",
          "resolved": "http://registry.npm.taobao.org/fs.realpath/download/fs.realpath-1.0.0.tgz"
        },
        "inflight": {
          "version": "1.0.6",
          "resolved": "http://registry.npm.taobao.org/inflight/download/inflight-1.0.6.tgz",
          "requires": {
            "once": "1.4.0",
            "wrappy": "1.0.2"
          },
          "dependencies": {
            "once": {
              "version": "1.4.0",
              "bundled": true,
              "requires": {
                "wrappy": "1.0.2"
              },
              "dependencies": {
                "wrappy": {
                  "version": "1.0.2",
                  "bundled": true
                }
              }
            },
            "wrappy": {
              "version": "1.0.2",
              "bundled": true
            }
          }
        },
        "inherits": {
          "version": "2.0.3",
          "resolved": "http://registry.npm.taobao.org/inherits/download/inherits-2.0.3.tgz"
        },
        "minimatch": {
          "version": "3.0.4",
          "resolved": "http://registry.npm.taobao.org/minimatch/download/minimatch-3.0.4.tgz",
          "requires": {
            "brace-expansion": "1.1.8"
          },
          "dependencies": {
            "brace-expansion": {
              "version": "1.1.8",
              "resolved": "http://registry.npm.taobao.org/brace-expansion/download/brace-expansion-1.1.8.tgz",
              "requires": {
                "balanced-match": "1.0.0",
                "concat-map": "0.0.1"
              },
              "dependencies": {
                "balanced-match": {
                  "version": "1.0.0",
                  "resolved": "http://registry.npm.taobao.org/balanced-match/download/balanced-match-1.0.0.tgz"
                },
                "concat-map": {
                  "version": "0.0.1",
                  "resolved": "http://registry.npm.taobao.org/concat-map/download/concat-map-0.0.1.tgz"
                }
              }
            }
          }
        },
        "once": {
          "version": "1.4.0",
          "resolved": "http://registry.npm.taobao.org/once/download/once-1.4.0.tgz",
          "requires": {
            "wrappy": "1.0.2"
          },
          "dependencies": {
            "wrappy": {
              "version": "1.0.2",
              "bundled": true
            }
          }
        },
        "path-is-absolute": {
          "version": "1.0.1",
          "resolved": "http://registry.npm.taobao.org/path-is-absolute/download/path-is-absolute-1.0.1.tgz"
        }
      }
    },
    "inflight": {
      "version": "1.0.6",
      "resolved": "http://registry.npm.taobao.org/inflight/download/inflight-1.0.6.tgz",
      "requires": {
        "once": "1.4.0",
        "wrappy": "1.0.2"
      },
      "dependencies": {
        "once": {
          "version": "1.4.0",
          "bundled": true,
          "requires": {
            "wrappy": "1.0.2"
          },
          "dependencies": {}
        },
        "wrappy": {
          "version": "1.0.2",
          "bundled": true
        }
      }
    },
    "inherits": {
      "version": "2.0.3",
      "resolved": "http://registry.npm.taobao.org/inherits/download/inherits-2.0.3.tgz"
    },
    "jasmine": {
      "version": "2.8.0",
      "resolved": "http://registry.npm.taobao.org/jasmine/download/jasmine-2.8.0.tgz",
      "requires": {
        "exit": "0.1.2",
        "glob": "7.1.2",
        "jasmine-core": "2.8.0"
      },
      "dependencies": {
        "exit": {
          "version": "0.1.2",
          "bundled": true
        },
        "glob": {
          "version": "7.1.2",
          "bundled": true,
          "requires": {
            "fs.realpath": "1.0.0",
            "inflight": "1.0.6",
            "inherits": "2.0.3",
            "minimatch": "3.0.4",
            "once": "1.4.0",
            "path-is-absolute": "1.0.1"
          },
          "dependencies": {
            "fs.realpath": {
              "version": "1.0.0",
              "resolved": "http://registry.npm.taobao.org/fs.realpath/download/fs.realpath-1.0.0.tgz"
            },
            "inflight": {
              "version": "1.0.6",
              "resolved": "http://registry.npm.taobao.org/inflight/download/inflight-1.0.6.tgz",
              "requires": {
                "once": "1.4.0",
                "wrappy": "1.0.2"
              },
              "dependencies": {}
            },
            "inherits": {
              "version": "2.0.3",
              "resolved": "http://registry.npm.taobao.org/inherits/download/inherits-2.0.3.tgz"
            },
            "minimatch": {
              "version": "3.0.4",
              "resolved": "http://registry.npm.taobao.org/minimatch/download/minimatch-3.0.4.tgz",
              "requires": {
                "brace-expansion": "1.1.8"
              },
              "dependencies": {}
            },
            "once": {
              "version": "1.4.0",
              "resolved": "http://registry.npm.taobao.org/once/download/once-1.4.0.tgz",
              "requires": {
                "wrappy": "1.0.2"
              },
              "dependencies": {}
            },
            "path-is-absolute": {
              "version": "1.0.1",
              "resolved": "http://registry.npm.taobao.org/path-is-absolute/download/path-is-absolute-1.0.1.tgz"
            }
          }
        },
        "jasmine-core": {
          "version": "2.8.0",
          "bundled": true
        }
      }
    },
    "jasmine-core": {
      "version": "2.8.0",
      "resolved": "http://registry.npm.taobao.org/jasmine-core/download/jasmine-core-2.8.0.tgz"
    },
    "minimatch": {
      "version": "3.0.4",
      "resolved": "http://registry.npm.taobao.org/minimatch/download/minimatch-3.0.4.tgz",
      "requires": {
        "brace-expansion": "1.1.8"
      },
      "dependencies": {
        "brace-expansion": {
          "version": "1.1.8",
          "resolved": "http://registry.npm.taobao.org/brace-expansion/download/brace-expansion-1.1.8.tgz",
          "requires": {
            "balanced-match": "1.0.0",
            "concat-map": "0.0.1"
          },
          "dependencies": {}
        }
      }
    },
    "once": {
      "version": "1.4.0",
      "resolved": "http://registry.npm.taobao.org/once/download/once-1.4.0.tgz",
      "requires": {
        "wrappy": "1.0.2"
      },
      "dependencies": {
        "wrappy": {
          "version": "1.0.2",
          "bundled": true
        }
      }
    },
    "path-is-absolute": {
      "version": "1.0.1",
      "resolved": "http://registry.npm.taobao.org/path-is-absolute/download/path-is-absolute-1.0.1.tgz"
    },
    "wrappy": {
      "version": "1.0.2",
      "resolved": "http://registry.npm.taobao.org/wrappy/download/wrappy-1.0.2.tgz"
    }
  }
}
